
Microsoft Visual Studio Solution File, Format Version 12.00
# Visual Studio Version 17
VisualStudioVersion = 17.4.33205.214
MinimumVisualStudioVersion = 10.0.40219.1
Project("{FAE04EC0-301F-11D3-BF4B-00C04F79EFBC}") = "Particles1", "Particles1.csproj", "{F0921B9F-F3AC-4BDC-98AE-6217642D4897}"
EndProject
Global
	GlobalSection(SolutionConfigurationPlatforms) = preSolution
		Debug|Any CPU = Debug|Any CPU
		Release|Any CPU = Release|Any CPU
	EndGlobalSection
	GlobalSection(ProjectConfigurationPlatforms) = postSolution
		{F0921B9F-F3AC-4BDC-98AE-6217642D4897}.Debug|Any CPU.ActiveCfg = Debug|Any CPU
		{F0921B9F-F3AC-4BDC-98AE-6217642D4897}.Debug|Any CPU.Build.0 = Debug|Any CPU
		{F0921B9F-F3AC-4BDC-98AE-6217642D4897}.Release|Any CPU.ActiveCfg = Release|Any CPU
		{F0921B9F-F3AC-4BDC-98AE-6217642D4897}.Release|Any CPU.Build.0 = Release|Any CPU
	EndGlobalSection
	GlobalSection(SolutionProperties) = preSolution
		HideSolutionNode = FALSE
	EndGlobalSection
	GlobalSection(ExtensibilityGlobals) = postSolution
		SolutionGuid = {EC0C270B-C131-4FA5-82D9-7742E20CBA88}
	EndGlobalSection
EndGlobal
